// !$*UTF8*$!
{
	archiveVersion = 1;
	classes = {
	};
	objectVersion = 50;
	objects = {

/* Begin PBXBuildFile section */
		955340BE25335C4B002C08FC /* AfricaApp.swift in Sources */ = {isa = PBXBuildFile; fileRef = 955340BD25335C4B002C08FC /* AfricaApp.swift */; };
		955340C025335C4B002C08FC /* ContentView.swift in Sources */ = {isa = PBXBuildFile; fileRef = 955340BF25335C4B002C08FC /* ContentView.swift */; };
		955340C225335C4C002C08FC /* Assets.xcassets in Resources */ = {isa = PBXBuildFile; fileRef = 955340C125335C4C002C08FC /* Assets.xcassets */; };
		955340C525335C4C002C08FC /* Preview Assets.xcassets in Resources */ = {isa = PBXBuildFile; fileRef = 955340C425335C4C002C08FC /* Preview Assets.xcassets */; };
		955340D825335DB7002C08FC /* giraffe.mp4 in Resources */ = {isa = PBXBuildFile; fileRef = 955340CE25335DB4002C08FC /* giraffe.mp4 */; };
		955340D925335DB7002C08FC /* hippo.mp4 in Resources */ = {isa = PBXBuildFile; fileRef = 955340CF25335DB4002C08FC /* hippo.mp4 */; };
		955340DA25335DB7002C08FC /* ostrich.mp4 in Resources */ = {isa = PBXBuildFile; fileRef = 955340D025335DB5002C08FC /* ostrich.mp4 */; };
		955340DB25335DB7002C08FC /* gorilla.mp4 in Resources */ = {isa = PBXBuildFile; fileRef = 955340D125335DB5002C08FC /* gorilla.mp4 */; };
		955340DC25335DB7002C08FC /* lion.mp4 in Resources */ = {isa = PBXBuildFile; fileRef = 955340D225335DB5002C08FC /* lion.mp4 */; };
		955340DD25335DB7002C08FC /* cheetah.mp4 in Resources */ = {isa = PBXBuildFile; fileRef = 955340D325335DB6002C08FC /* cheetah.mp4 */; };
		955340DE25335DB8002C08FC /* rhino.mp4 in Resources */ = {isa = PBXBuildFile; fileRef = 955340D425335DB6002C08FC /* rhino.mp4 */; };
		955340DF25335DB8002C08FC /* lioness.mp4 in Resources */ = {isa = PBXBuildFile; fileRef = 955340D525335DB7002C08FC /* lioness.mp4 */; };
		955340E025335DB8002C08FC /* elephant.mp4 in Resources */ = {isa = PBXBuildFile; fileRef = 955340D625335DB7002C08FC /* elephant.mp4 */; };
		955340E125335DB8002C08FC /* zebra.mp4 in Resources */ = {isa = PBXBuildFile; fileRef = 955340D725335DB7002C08FC /* zebra.mp4 */; };
		955340E825335DF9002C08FC /* locations.json in Resources */ = {isa = PBXBuildFile; fileRef = 955340E425335DF8002C08FC /* locations.json */; };
		955340E925335DF9002C08FC /* animals.json in Resources */ = {isa = PBXBuildFile; fileRef = 955340E525335DF8002C08FC /* animals.json */; };
		955340EA25335DF9002C08FC /* videos.json in Resources */ = {isa = PBXBuildFile; fileRef = 955340E625335DF8002C08FC /* videos.json */; };
		955340EB25335DF9002C08FC /* covers.json in Resources */ = {isa = PBXBuildFile; fileRef = 955340E725335DF9002C08FC /* covers.json */; };
		9591F3B52533A32A00D9AAB4 /* VideoListView.swift in Sources */ = {isa = PBXBuildFile; fileRef = 9591F3B42533A32A00D9AAB4 /* VideoListView.swift */; };
		9591F3B82533A33D00D9AAB4 /* MapView.swift in Sources */ = {isa = PBXBuildFile; fileRef = 9591F3B72533A33D00D9AAB4 /* MapView.swift */; };
		9591F3BB2533A34D00D9AAB4 /* GalleryView.swift in Sources */ = {isa = PBXBuildFile; fileRef = 9591F3BA2533A34D00D9AAB4 /* GalleryView.swift */; };
		9591F3BE2533A35900D9AAB4 /* MainView.swift in Sources */ = {isa = PBXBuildFile; fileRef = 9591F3BD2533A35900D9AAB4 /* MainView.swift */; };
		9591F3C22533A5AB00D9AAB4 /* CoverImageView.swift in Sources */ = {isa = PBXBuildFile; fileRef = 9591F3C12533A5AB00D9AAB4 /* CoverImageView.swift */; };
		9591F3C82533A7EB00D9AAB4 /* CoverImageModel.swift in Sources */ = {isa = PBXBuildFile; fileRef = 9591F3C72533A7EB00D9AAB4 /* CoverImageModel.swift */; };
		9591F3CD2533A99100D9AAB4 /* CodableBundleExtension.swift in Sources */ = {isa = PBXBuildFile; fileRef = 9591F3CC2533A99100D9AAB4 /* CodableBundleExtension.swift */; };
		9591F3D12533ADC500D9AAB4 /* AnimalListItemView.swift in Sources */ = {isa = PBXBuildFile; fileRef = 9591F3D02533ADC500D9AAB4 /* AnimalListItemView.swift */; };
		9591F3D42533AF7300D9AAB4 /* AnimalModel.swift in Sources */ = {isa = PBXBuildFile; fileRef = 9591F3D32533AF7300D9AAB4 /* AnimalModel.swift */; };
		9591F3D72533B75000D9AAB4 /* AnimalDetailView.swift in Sources */ = {isa = PBXBuildFile; fileRef = 9591F3D62533B75000D9AAB4 /* AnimalDetailView.swift */; };
		9591F3DA2533B94600D9AAB4 /* HeadingView.swift in Sources */ = {isa = PBXBuildFile; fileRef = 9591F3D92533B94600D9AAB4 /* HeadingView.swift */; };
		9591F3DD2533BA7300D9AAB4 /* InsetGalleryView.swift in Sources */ = {isa = PBXBuildFile; fileRef = 9591F3DC2533BA7300D9AAB4 /* InsetGalleryView.swift */; };
		9591F3E02533BDC900D9AAB4 /* InsetFactView.swift in Sources */ = {isa = PBXBuildFile; fileRef = 9591F3DF2533BDC900D9AAB4 /* InsetFactView.swift */; };
		9591F3E32533C00500D9AAB4 /* InsetMapView.swift in Sources */ = {isa = PBXBuildFile; fileRef = 9591F3E22533C00500D9AAB4 /* InsetMapView.swift */; };
		9591F3E62533C2DE00D9AAB4 /* ExternalWeblinkView.swift in Sources */ = {isa = PBXBuildFile; fileRef = 9591F3E52533C2DE00D9AAB4 /* ExternalWeblinkView.swift */; };
/* End PBXBuildFile section */

/* Begin PBXFileReference section */
		955340BA25335C4B002C08FC /* Africa.app */ = {isa = PBXFileReference; explicitFileType = wrapper.application; includeInIndex = 0; path = Africa.app; sourceTree = BUILT_PRODUCTS_DIR; };
		955340BD25335C4B002C08FC /* AfricaApp.swift */ = {isa = PBXFileReference; lastKnownFileType = sourcecode.swift; path = AfricaApp.swift; sourceTree = "<group>"; };
		955340BF25335C4B002C08FC /* ContentView.swift */ = {isa = PBXFileReference; lastKnownFileType = sourcecode.swift; path = ContentView.swift; sourceTree = "<group>"; };
		955340C125335C4C002C08FC /* Assets.xcassets */ = {isa = PBXFileReference; lastKnownFileType = folder.assetcatalog; path = Assets.xcassets; sourceTree = "<group>"; };
		955340C425335C4C002C08FC /* Preview Assets.xcassets */ = {isa = PBXFileReference; lastKnownFileType = folder.assetcatalog; path = "Preview Assets.xcassets"; sourceTree = "<group>"; };
		955340C625335C4C002C08FC /* Info.plist */ = {isa = PBXFileReference; lastKnownFileType = text.plist.xml; path = Info.plist; sourceTree = "<group>"; };
		955340CE25335DB4002C08FC /* giraffe.mp4 */ = {isa = PBXFileReference; lastKnownFileType = file; path = giraffe.mp4; sourceTree = "<group>"; };
		955340CF25335DB4002C08FC /* hippo.mp4 */ = {isa = PBXFileReference; lastKnownFileType = file; path = hippo.mp4; sourceTree = "<group>"; };
		955340D025335DB5002C08FC /* ostrich.mp4 */ = {isa = PBXFileReference; lastKnownFileType = file; path = ostrich.mp4; sourceTree = "<group>"; };
		955340D125335DB5002C08FC /* gorilla.mp4 */ = {isa = PBXFileReference; lastKnownFileType = file; path = gorilla.mp4; sourceTree = "<group>"; };
		955340D225335DB5002C08FC /* lion.mp4 */ = {isa = PBXFileReference; lastKnownFileType = file; path = lion.mp4; sourceTree = "<group>"; };
		955340D325335DB6002C08FC /* cheetah.mp4 */ = {isa = PBXFileReference; lastKnownFileType = file; path = cheetah.mp4; sourceTree = "<group>"; };
		955340D425335DB6002C08FC /* rhino.mp4 */ = {isa = PBXFileReference; lastKnownFileType = file; path = rhino.mp4; sourceTree = "<group>"; };
		955340D525335DB7002C08FC /* lioness.mp4 */ = {isa = PBXFileReference; lastKnownFileType = file; path = lioness.mp4; sourceTree = "<group>"; };
		955340D625335DB7002C08FC /* elephant.mp4 */ = {isa = PBXFileReference; lastKnownFileType = file; path = elephant.mp4; sourceTree = "<group>"; };
		955340D725335DB7002C08FC /* zebra.mp4 */ = {isa = PBXFileReference; lastKnownFileType = file; path = zebra.mp4; sourceTree = "<group>"; };
		955340E425335DF8002C08FC /* locations.json */ = {isa = PBXFileReference; fileEncoding = 4; lastKnownFileType = text.json; path = locations.json; sourceTree = "<group>"; };
		955340E525335DF8002C08FC /* animals.json */ = {isa = PBXFileReference; fileEncoding = 4; lastKnownFileType = text.json; path = animals.json; sourceTree = "<group>"; };
		955340E625335DF8002C08FC /* videos.json */ = {isa = PBXFileReference; fileEncoding = 4; lastKnownFileType = text.json; path = videos.json; sourceTree = "<group>"; };
		955340E725335DF9002C08FC /* covers.json */ = {isa = PBXFileReference; fileEncoding = 4; lastKnownFileType = text.json; path = covers.json; sourceTree = "<group>"; };
		9591F3B42533A32A00D9AAB4 /* VideoListView.swift */ = {isa = PBXFileReference; lastKnownFileType = sourcecode.swift; path = VideoListView.swift; sourceTree = "<group>"; };
		9591F3B72533A33D00D9AAB4 /* MapView.swift */ = {isa = PBXFileReference; lastKnownFileType = sourcecode.swift; path = MapView.swift; sourceTree = "<group>"; };
		9591F3BA2533A34D00D9AAB4 /* GalleryView.swift */ = {isa = PBXFileReference; lastKnownFileType = sourcecode.swift; path = GalleryView.swift; sourceTree = "<group>"; };
		9591F3BD2533A35900D9AAB4 /* MainView.swift */ = {isa = PBXFileReference; lastKnownFileType = sourcecode.swift; path = MainView.swift; sourceTree = "<group>"; };
		9591F3C12533A5AB00D9AAB4 /* CoverImageView.swift */ = {isa = PBXFileReference; lastKnownFileType = sourcecode.swift; path = CoverImageView.swift; sourceTree = "<group>"; };
		9591F3C72533A7EB00D9AAB4 /* CoverImageModel.swift */ = {isa = PBXFileReference; lastKnownFileType = sourcecode.swift; path = CoverImageModel.swift; sourceTree = "<group>"; };
		9591F3CC2533A99100D9AAB4 /* CodableBundleExtension.swift */ = {isa = PBXFileReference; lastKnownFileType = sourcecode.swift; path = CodableBundleExtension.swift; sourceTree = "<group>"; };
		9591F3D02533ADC500D9AAB4 /* AnimalListItemView.swift */ = {isa = PBXFileReference; lastKnownFileType = sourcecode.swift; path = AnimalListItemView.swift; sourceTree = "<group>"; };
		9591F3D32533AF7300D9AAB4 /* AnimalModel.swift */ = {isa = PBXFileReference; lastKnownFileType = sourcecode.swift; path = AnimalModel.swift; sourceTree = "<group>"; };
		9591F3D62533B75000D9AAB4 /* AnimalDetailView.swift */ = {isa = PBXFileReference; lastKnownFileType = sourcecode.swift; path = AnimalDetailView.swift; sourceTree = "<group>"; };
		9591F3D92533B94600D9AAB4 /* HeadingView.swift */ = {isa = PBXFileReference; lastKnownFileType = sourcecode.swift; path = HeadingView.swift; sourceTree = "<group>"; };
		9591F3DC2533BA7300D9AAB4 /* InsetGalleryView.swift */ = {isa = PBXFileReference; lastKnownFileType = sourcecode.swift; path = InsetGalleryView.swift; sourceTree = "<group>"; };
		9591F3DF2533BDC900D9AAB4 /* InsetFactView.swift */ = {isa = PBXFileReference; lastKnownFileType = sourcecode.swift; path = InsetFactView.swift; sourceTree = "<group>"; };
		9591F3E22533C00500D9AAB4 /* InsetMapView.swift */ = {isa = PBXFileReference; lastKnownFileType = sourcecode.swift; path = InsetMapView.swift; sourceTree = "<group>"; };
		9591F3E52533C2DE00D9AAB4 /* ExternalWeblinkView.swift */ = {isa = PBXFileReference; lastKnownFileType = sourcecode.swift; path = ExternalWeblinkView.swift; sourceTree = "<group>"; };
/* End PBXFileReference section */

/* Begin PBXFrameworksBuildPhase section */
		955340B725335C4B002C08FC /* Frameworks */ = {
			isa = PBXFrameworksBuildPhase;
			buildActionMask = 2147483647;
			files = (
			);
			runOnlyForDeploymentPostprocessing = 0;
		};
/* End PBXFrameworksBuildPhase section */

/* Begin PBXGroup section */
		955340B125335C4B002C08FC = {
			isa = PBXGroup;
			children = (
				955340BC25335C4B002C08FC /* Africa */,
				955340BB25335C4B002C08FC /* Products */,
			);
			sourceTree = "<group>";
		};
		955340BB25335C4B002C08FC /* Products */ = {
			isa = PBXGroup;
			children = (
				955340BA25335C4B002C08FC /* Africa.app */,
			);
			name = Products;
			sourceTree = "<group>";
		};
		955340BC25335C4B002C08FC /* Africa */ = {
			isa = PBXGroup;
			children = (
				9591F3CB2533A97B00D9AAB4 /* Extension */,
				955340E325335DDA002C08FC /* Data */,
				9591F3C62533A7D800D9AAB4 /* Model */,
				9591F3C02533A59A00D9AAB4 /* View */,
				9591F3B22533986A00D9AAB4 /* App */,
				955340CD25335D8C002C08FC /* Video */,
				955340C125335C4C002C08FC /* Assets.xcassets */,
				955340C625335C4C002C08FC /* Info.plist */,
				955340C325335C4C002C08FC /* Preview Content */,
			);
			path = Africa;
			sourceTree = "<group>";
		};
		955340C325335C4C002C08FC /* Preview Content */ = {
			isa = PBXGroup;
			children = (
				955340C425335C4C002C08FC /* Preview Assets.xcassets */,
			);
			path = "Preview Content";
			sourceTree = "<group>";
		};
		955340CD25335D8C002C08FC /* Video */ = {
			isa = PBXGroup;
			children = (
				955340D325335DB6002C08FC /* cheetah.mp4 */,
				955340D625335DB7002C08FC /* elephant.mp4 */,
				955340CE25335DB4002C08FC /* giraffe.mp4 */,
				955340D125335DB5002C08FC /* gorilla.mp4 */,
				955340CF25335DB4002C08FC /* hippo.mp4 */,
				955340D225335DB5002C08FC /* lion.mp4 */,
				955340D525335DB7002C08FC /* lioness.mp4 */,
				955340D025335DB5002C08FC /* ostrich.mp4 */,
				955340D425335DB6002C08FC /* rhino.mp4 */,
				955340D725335DB7002C08FC /* zebra.mp4 */,
			);
			path = Video;
			sourceTree = "<group>";
		};
		955340E325335DDA002C08FC /* Data */ = {
			isa = PBXGroup;
			children = (
				955340E525335DF8002C08FC /* animals.json */,
				955340E725335DF9002C08FC /* covers.json */,
				955340E425335DF8002C08FC /* locations.json */,
				955340E625335DF8002C08FC /* videos.json */,
			);
			path = Data;
			sourceTree = "<group>";
		};
		9591F3B22533986A00D9AAB4 /* App */ = {
			isa = PBXGroup;
			children = (
				955340BD25335C4B002C08FC /* AfricaApp.swift */,
				955340BF25335C4B002C08FC /* ContentView.swift */,
				9591F3B42533A32A00D9AAB4 /* VideoListView.swift */,
				9591F3B72533A33D00D9AAB4 /* MapView.swift */,
				9591F3BA2533A34D00D9AAB4 /* GalleryView.swift */,
				9591F3BD2533A35900D9AAB4 /* MainView.swift */,
			);
			path = App;
			sourceTree = "<group>";
		};
		9591F3C02533A59A00D9AAB4 /* View */ = {
			isa = PBXGroup;
			children = (
				9591F3C12533A5AB00D9AAB4 /* CoverImageView.swift */,
				9591F3D02533ADC500D9AAB4 /* AnimalListItemView.swift */,
				9591F3D62533B75000D9AAB4 /* AnimalDetailView.swift */,
				9591F3D92533B94600D9AAB4 /* HeadingView.swift */,
				9591F3DC2533BA7300D9AAB4 /* InsetGalleryView.swift */,
				9591F3DF2533BDC900D9AAB4 /* InsetFactView.swift */,
				9591F3E22533C00500D9AAB4 /* InsetMapView.swift */,
				9591F3E52533C2DE00D9AAB4 /* ExternalWeblinkView.swift */,
			);
			path = View;
			sourceTree = "<group>";
		};
		9591F3C62533A7D800D9AAB4 /* Model */ = {
			isa = PBXGroup;
			children = (
				9591F3C72533A7EB00D9AAB4 /* CoverImageModel.swift */,
				9591F3D32533AF7300D9AAB4 /* AnimalModel.swift */,
			);
			path = Model;
			sourceTree = "<group>";
		};
		9591F3CB2533A97B00D9AAB4 /* Extension */ = {
			isa = PBXGroup;
			children = (
				9591F3CC2533A99100D9AAB4 /* CodableBundleExtension.swift */,
			);
			path = Extension;
			sourceTree = "<group>";
		};
/* End PBXGroup section */

/* Begin PBXNativeTarget section */
		955340B925335C4B002C08FC /* Africa */ = {
			isa = PBXNativeTarget;
			buildConfigurationList = 955340C925335C4C002C08FC /* Build configuration list for PBXNativeTarget "Africa" */;
			buildPhases = (
				955340B625335C4B002C08FC /* Sources */,
				955340B725335C4B002C08FC /* Frameworks */,
				955340B825335C4B002C08FC /* Resources */,
			);
			buildRules = (
			);
			dependencies = (
			);
			name = Africa;
			productName = Africa;
			productReference = 955340BA25335C4B002C08FC /* Africa.app */;
			productType = "com.apple.product-type.application";
		};
/* End PBXNativeTarget section */

/* Begin PBXProject section */
		955340B225335C4B002C08FC /* Project object */ = {
			isa = PBXProject;
			attributes = {
				LastSwiftUpdateCheck = 1200;
				LastUpgradeCheck = 1200;
				TargetAttributes = {
					955340B925335C4B002C08FC = {
						CreatedOnToolsVersion = 12.0.1;
					};
				};
			};
			buildConfigurationList = 955340B525335C4B002C08FC /* Build configuration list for PBXProject "Africa" */;
			compatibilityVersion = "Xcode 9.3";
			developmentRegion = en;
			hasScannedForEncodings = 0;
			knownRegions = (
				en,
				Base,
			);
			mainGroup = 955340B125335C4B002C08FC;
			productRefGroup = 955340BB25335C4B002C08FC /* Products */;
			projectDirPath = "";
			projectRoot = "";
			targets = (
				955340B925335C4B002C08FC /* Africa */,
			);
		};
/* End PBXProject section */

/* Begin PBXResourcesBuildPhase section */
		955340B825335C4B002C08FC /* Resources */ = {
			isa = PBXResourcesBuildPhase;
			buildActionMask = 2147483647;
			files = (
				955340E825335DF9002C08FC /* locations.json in Resources */,
				955340D925335DB7002C08FC /* hippo.mp4 in Resources */,
				955340EA25335DF9002C08FC /* videos.json in Resources */,
				955340C525335C4C002C08FC /* Preview Assets.xcassets in Resources */,
				955340DC25335DB7002C08FC /* lion.mp4 in Resources */,
				955340EB25335DF9002C08FC /* covers.json in Resources */,
				955340DE25335DB8002C08FC /* rhino.mp4 in Resources */,
				955340E125335DB8002C08FC /* zebra.mp4 in Resources */,
				955340C225335C4C002C08FC /* Assets.xcassets in Resources */,
				955340E925335DF9002C08FC /* animals.json in Resources */,
				955340DD25335DB7002C08FC /* cheetah.mp4 in Resources */,
				955340DA25335DB7002C08FC /* ostrich.mp4 in Resources */,
				955340DF25335DB8002C08FC /* lioness.mp4 in Resources */,
				955340DB25335DB7002C08FC /* gorilla.mp4 in Resources */,
				955340D825335DB7002C08FC /* giraffe.mp4 in Resources */,
				955340E025335DB8002C08FC /* elephant.mp4 in Resources */,
			);
			runOnlyForDeploymentPostprocessing = 0;
		};
/* End PBXResourcesBuildPhase section */

/* Begin PBXSourcesBuildPhase section */
		955340B625335C4B002C08FC /* Sources */ = {
			isa = PBXSourcesBuildPhase;
			buildActionMask = 2147483647;
			files = (
				9591F3E62533C2DE00D9AAB4 /* ExternalWeblinkView.swift in Sources */,
				955340C025335C4B002C08FC /* ContentView.swift in Sources */,
				9591F3D12533ADC500D9AAB4 /* AnimalListItemView.swift in Sources */,
				9591F3BE2533A35900D9AAB4 /* MainView.swift in Sources */,
				9591F3E02533BDC900D9AAB4 /* InsetFactView.swift in Sources */,
				9591F3C22533A5AB00D9AAB4 /* CoverImageView.swift in Sources */,
				9591F3C82533A7EB00D9AAB4 /* CoverImageModel.swift in Sources */,
				9591F3D72533B75000D9AAB4 /* AnimalDetailView.swift in Sources */,
				9591F3D42533AF7300D9AAB4 /* AnimalModel.swift in Sources */,
				9591F3B82533A33D00D9AAB4 /* MapView.swift in Sources */,
				9591F3E32533C00500D9AAB4 /* InsetMapView.swift in Sources */,
				955340BE25335C4B002C08FC /* AfricaApp.swift in Sources */,
				9591F3B52533A32A00D9AAB4 /* VideoListView.swift in Sources */,
				9591F3BB2533A34D00D9AAB4 /* GalleryView.swift in Sources */,
				9591F3DD2533BA7300D9AAB4 /* InsetGalleryView.swift in Sources */,
				9591F3CD2533A99100D9AAB4 /* CodableBundleExtension.swift in Sources */,
				9591F3DA2533B94600D9AAB4 /* HeadingView.swift in Sources */,
			);
			runOnlyForDeploymentPostprocessing = 0;
		};
/* End PBXSourcesBuildPhase section */

/* Begin XCBuildConfiguration section */
		955340C725335C4C002C08FC /* Debug */ = {
			isa = XCBuildConfiguration;
			buildSettings = {
				ALWAYS_SEARCH_USER_PATHS = NO;
				CLANG_ANALYZER_NONNULL = YES;
				CLANG_ANALYZER_NUMBER_OBJECT_CONVERSION = YES_AGGRESSIVE;
				CLANG_CXX_LANGUAGE_STANDARD = "gnu++14";
				CLANG_CXX_LIBRARY = "libc++";
				CLANG_ENABLE_MODULES = YES;
				CLANG_ENABLE_OBJC_ARC = YES;
				CLANG_ENABLE_OBJC_WEAK = YES;
				CLANG_WARN_BLOCK_CAPTURE_AUTORELEASING = YES;
				CLANG_WARN_BOOL_CONVERSION = YES;
				CLANG_WARN_COMMA = YES;
				CLANG_WARN_CONSTANT_CONVERSION = YES;
				CLANG_WARN_DEPRECATED_OBJC_IMPLEMENTATIONS = YES;
				CLANG_WARN_DIRECT_OBJC_ISA_USAGE = YES_ERROR;
				CLANG_WARN_DOCUMENTATION_COMMENTS = YES;
				CLANG_WARN_EMPTY_BODY = YES;
				CLANG_WARN_ENUM_CONVERSION = YES;
				CLANG_WARN_INFINITE_RECURSION = YES;
				CLANG_WARN_INT_CONVERSION = YES;
				CLANG_WARN_NON_LITERAL_NULL_CONVERSION = YES;
				CLANG_WARN_OBJC_IMPLICIT_RETAIN_SELF = YES;
				CLANG_WARN_OBJC_LITERAL_CONVERSION = YES;
				CLANG_WARN_OBJC_ROOT_CLASS = YES_ERROR;
				CLANG_WARN_QUOTED_INCLUDE_IN_FRAMEWORK_HEADER = YES;
				CLANG_WARN_RANGE_LOOP_ANALYSIS = YES;
				CLANG_WARN_STRICT_PROTOTYPES = YES;
				CLANG_WARN_SUSPICIOUS_MOVE = YES;
				CLANG_WARN_UNGUARDED_AVAILABILITY = YES_AGGRESSIVE;
				CLANG_WARN_UNREACHABLE_CODE = YES;
				CLANG_WARN__DUPLICATE_METHOD_MATCH = YES;
				COPY_PHASE_STRIP = NO;
				DEBUG_INFORMATION_FORMAT = dwarf;
				ENABLE_STRICT_OBJC_MSGSEND = YES;
				ENABLE_TESTABILITY = YES;
				GCC_C_LANGUAGE_STANDARD = gnu11;
				GCC_DYNAMIC_NO_PIC = NO;
				GCC_NO_COMMON_BLOCKS = YES;
				GCC_OPTIMIZATION_LEVEL = 0;
				GCC_PREPROCESSOR_DEFINITIONS = (
					"DEBUG=1",
					"$(inherited)",
				);
				GCC_WARN_64_TO_32_BIT_CONVERSION = YES;
				GCC_WARN_ABOUT_RETURN_TYPE = YES_ERROR;
				GCC_WARN_UNDECLARED_SELECTOR = YES;
				GCC_WARN_UNINITIALIZED_AUTOS = YES_AGGRESSIVE;
				GCC_WARN_UNUSED_FUNCTION = YES;
				GCC_WARN_UNUSED_VARIABLE = YES;
				IPHONEOS_DEPLOYMENT_TARGET = 14.0;
				MTL_ENABLE_DEBUG_INFO = INCLUDE_SOURCE;
				MTL_FAST_MATH = YES;
				ONLY_ACTIVE_ARCH = YES;
				SDKROOT = iphoneos;
				SWIFT_ACTIVE_COMPILATION_CONDITIONS = DEBUG;
				SWIFT_OPTIMIZATION_LEVEL = "-Onone";
			};
			name = Debug;
		};
		955340C825335C4C002C08FC /* Release */ = {
			isa = XCBuildConfiguration;
			buildSettings = {
				ALWAYS_SEARCH_USER_PATHS = NO;
				CLANG_ANALYZER_NONNULL = YES;
				CLANG_ANALYZER_NUMBER_OBJECT_CONVERSION = YES_AGGRESSIVE;
				CLANG_CXX_LANGUAGE_STANDARD = "gnu++14";
				CLANG_CXX_LIBRARY = "libc++";
				CLANG_ENABLE_MODULES = YES;
				CLANG_ENABLE_OBJC_ARC = YES;
				CLANG_ENABLE_OBJC_WEAK = YES;
				CLANG_WARN_BLOCK_CAPTURE_AUTORELEASING = YES;
				CLANG_WARN_BOOL_CONVERSION = YES;
				CLANG_WARN_COMMA = YES;
				CLANG_WARN_CONSTANT_CONVERSION = YES;
				CLANG_WARN_DEPRECATED_OBJC_IMPLEMENTATIONS = YES;
				CLANG_WARN_DIRECT_OBJC_ISA_USAGE = YES_ERROR;
				CLANG_WARN_DOCUMENTATION_COMMENTS = YES;
				CLANG_WARN_EMPTY_BODY = YES;
				CLANG_WARN_ENUM_CONVERSION = YES;
				CLANG_WARN_INFINITE_RECURSION = YES;
				CLANG_WARN_INT_CONVERSION = YES;
				CLANG_WARN_NON_LITERAL_NULL_CONVERSION = YES;
				CLANG_WARN_OBJC_IMPLICIT_RETAIN_SELF = YES;
				CLANG_WARN_OBJC_LITERAL_CONVERSION = YES;
				CLANG_WARN_OBJC_ROOT_CLASS = YES_ERROR;
				CLANG_WARN_QUOTED_INCLUDE_IN_FRAMEWORK_HEADER = YES;
				CLANG_WARN_RANGE_LOOP_ANALYSIS = YES;
				CLANG_WARN_STRICT_PROTOTYPES = YES;
				CLANG_WARN_SUSPICIOUS_MOVE = YES;
				CLANG_WARN_UNGUARDED_AVAILABILITY = YES_AGGRESSIVE;
				CLANG_WARN_UNREACHABLE_CODE = YES;
				CLANG_WARN__DUPLICATE_METHOD_MATCH = YES;
				COPY_PHASE_STRIP = NO;
				DEBUG_INFORMATION_FORMAT = "dwarf-with-dsym";
				ENABLE_NS_ASSERTIONS = NO;
				ENABLE_STRICT_OBJC_MSGSEND = YES;
				GCC_C_LANGUAGE_STANDARD = gnu11;
				GCC_NO_COMMON_BLOCKS = YES;
				GCC_WARN_64_TO_32_BIT_CONVERSION = YES;
				GCC_WARN_ABOUT_RETURN_TYPE = YES_ERROR;
				GCC_WARN_UNDECLARED_SELECTOR = YES;
				GCC_WARN_UNINITIALIZED_AUTOS = YES_AGGRESSIVE;
				GCC_WARN_UNUSED_FUNCTION = YES;
				GCC_WARN_UNUSED_VARIABLE = YES;
				IPHONEOS_DEPLOYMENT_TARGET = 14.0;
				MTL_ENABLE_DEBUG_INFO = NO;
				MTL_FAST_MATH = YES;
				SDKROOT = iphoneos;
				SWIFT_COMPILATION_MODE = wholemodule;
				SWIFT_OPTIMIZATION_LEVEL = "-O";
				VALIDATE_PRODUCT = YES;
			};
			name = Release;
		};
		955340CA25335C4C002C08FC /* Debug */ = {
			isa = XCBuildConfiguration;
			buildSettings = {
				ASSETCATALOG_COMPILER_APPICON_NAME = AppIcon;
				ASSETCATALOG_COMPILER_GLOBAL_ACCENT_COLOR_NAME = AccentColor;
				CODE_SIGN_STYLE = Automatic;
				DEVELOPMENT_ASSET_PATHS = "\"Africa/Preview Content\"";
				DEVELOPMENT_TEAM = 7HRBP97NH3;
				ENABLE_PREVIEWS = YES;
				INFOPLIST_FILE = Africa/Info.plist;
				IPHONEOS_DEPLOYMENT_TARGET = 14.0;
				LD_RUNPATH_SEARCH_PATHS = (
					"$(inherited)",
					"@executable_path/Frameworks",
				);
				PRODUCT_BUNDLE_IDENTIFIER = com.onderkosar.Africa;
				PRODUCT_NAME = "$(TARGET_NAME)";
				SWIFT_VERSION = 5.0;
				TARGETED_DEVICE_FAMILY = "1,2";
			};
			name = Debug;
		};
		955340CB25335C4C002C08FC /* Release */ = {
			isa = XCBuildConfiguration;
			buildSettings = {
				ASSETCATALOG_COMPILER_APPICON_NAME = AppIcon;
				ASSETCATALOG_COMPILER_GLOBAL_ACCENT_COLOR_NAME = AccentColor;
				CODE_SIGN_STYLE = Automatic;
				DEVELOPMENT_ASSET_PATHS = "\"Africa/Preview Content\"";
				DEVELOPMENT_TEAM = 7HRBP97NH3;
				ENABLE_PREVIEWS = YES;
				INFOPLIST_FILE = Africa/Info.plist;
				IPHONEOS_DEPLOYMENT_TARGET = 14.0;
				LD_RUNPATH_SEARCH_PATHS = (
					"$(inherited)",
					"@executable_path/Frameworks",
				);
				PRODUCT_BUNDLE_IDENTIFIER = com.onderkosar.Africa;
				PRODUCT_NAME = "$(TARGET_NAME)";
				SWIFT_VERSION = 5.0;
				TARGETED_DEVICE_FAMILY = "1,2";
			};
			name = Release;
		};
/* End XCBuildConfiguration section */

/* Begin XCConfigurationList section */
		955340B525335C4B002C08FC /* Build configuration list for PBXProject "Africa" */ = {
			isa = XCConfigurationList;
			buildConfigurations = (
				955340C725335C4C002C08FC /* Debug */,
				955340C825335C4C002C08FC /* Release */,
			);
			defaultConfigurationIsVisible = 0;
			defaultConfigurationName = Release;
		};
		955340C925335C4C002C08FC /* Build configuration list for PBXNativeTarget "Africa" */ = {
			isa = XCConfigurationList;
			buildConfigurations = (
				955340CA25335C4C002C08FC /* Debug */,
				955340CB25335C4C002C08FC /* Release */,
			);
			defaultConfigurationIsVisible = 0;
			defaultConfigurationName = Release;
		};
/* End XCConfigurationList section */
	};
	rootObject = 955340B225335C4B002C08FC /* Project object */;
}
